
Microsoft Visual Studio Solution File, Format Version 12.00
# Visual Studio Version 17
VisualStudioVersion = 17.11.35303.130
MinimumVisualStudioVersion = 10.0.40219.1
Project("{9A19103F-16F7-4668-BE54-9A1E7A4F7556}") = "Buscaminas", "Buscaminas\Buscaminas.csproj", "{2FB61842-2A80-4FCF-9566-3BAFA9899F63}"
EndProject
Project("{FAE04EC0-301F-11D3-BF4B-00C04F79EFBC}") = "ENT", "ENT\ENT.csproj", "{D29B8649-4900-4548-9722-85FB184FA93B}"
EndProject
Global
	GlobalSection(SolutionConfigurationPlatforms) = preSolution
		Debug|Any CPU = Debug|Any CPU
		Release|Any CPU = Release|Any CPU
	EndGlobalSection
	GlobalSection(ProjectConfigurationPlatforms) = postSolution
		{2FB61842-2A80-4FCF-9566-3BAFA9899F63}.Debug|Any CPU.ActiveCfg = Debug|Any CPU
		{2FB61842-2A80-4FCF-9566-3BAFA9899F63}.Debug|Any CPU.Build.0 = Debug|Any CPU
		{2FB61842-2A80-4FCF-9566-3BAFA9899F63}.Debug|Any CPU.Deploy.0 = Debug|Any CPU
		{2FB61842-2A80-4FCF-9566-3BAFA9899F63}.Release|Any CPU.ActiveCfg = Release|Any CPU
		{2FB61842-2A80-4FCF-9566-3BAFA9899F63}.Release|Any CPU.Build.0 = Release|Any CPU
		{2FB61842-2A80-4FCF-9566-3BAFA9899F63}.Release|Any CPU.Deploy.0 = Release|Any CPU
		{D29B8649-4900-4548-9722-85FB184FA93B}.Debug|Any CPU.ActiveCfg = Debug|Any CPU
		{D29B8649-4900-4548-9722-85FB184FA93B}.Debug|Any CPU.Build.0 = Debug|Any CPU
		{D29B8649-4900-4548-9722-85FB184FA93B}.Release|Any CPU.ActiveCfg = Release|Any CPU
		{D29B8649-4900-4548-9722-85FB184FA93B}.Release|Any CPU.Build.0 = Release|Any CPU
	EndGlobalSection
	GlobalSection(SolutionProperties) = preSolution
		HideSolutionNode = FALSE
	EndGlobalSection
	GlobalSection(ExtensibilityGlobals) = postSolution
		SolutionGuid = {6CDB79A2-AC94-471A-AFAA-7124440CFCB1}
	EndGlobalSection
EndGlobal
