
Microsoft Visual Studio Solution File, Format Version 12.00
# Visual Studio Version 17
VisualStudioVersion = 17.11.35312.102
MinimumVisualStudioVersion = 10.0.40219.1
Project("{FAE04EC0-301F-11D3-BF4B-00C04F79EFBC}") = "RepasoAPI", "RepasoAPI\RepasoAPI.csproj", "{531C3DA7-D766-49EF-A20A-7427E0B99C7D}"
EndProject
Project("{FAE04EC0-301F-11D3-BF4B-00C04F79EFBC}") = "ENT", "ENT\ENT.csproj", "{B8AE0868-0D2F-4A3F-8BA9-E6EBEC503224}"
EndProject
Project("{FAE04EC0-301F-11D3-BF4B-00C04F79EFBC}") = "DAL", "DAL\DAL.csproj", "{60B7BCD3-6213-4205-A965-710626EB879C}"
EndProject
Project("{FAE04EC0-301F-11D3-BF4B-00C04F79EFBC}") = "BL", "BL\BL.csproj", "{DDB8A6DC-E741-4695-B003-DEA46CA142F7}"
EndProject
Global
	GlobalSection(SolutionConfigurationPlatforms) = preSolution
		Debug|Any CPU = Debug|Any CPU
		Release|Any CPU = Release|Any CPU
	EndGlobalSection
	GlobalSection(ProjectConfigurationPlatforms) = postSolution
		{531C3DA7-D766-49EF-A20A-7427E0B99C7D}.Debug|Any CPU.ActiveCfg = Debug|Any CPU
		{531C3DA7-D766-49EF-A20A-7427E0B99C7D}.Debug|Any CPU.Build.0 = Debug|Any CPU
		{531C3DA7-D766-49EF-A20A-7427E0B99C7D}.Release|Any CPU.ActiveCfg = Release|Any CPU
		{531C3DA7-D766-49EF-A20A-7427E0B99C7D}.Release|Any CPU.Build.0 = Release|Any CPU
		{B8AE0868-0D2F-4A3F-8BA9-E6EBEC503224}.Debug|Any CPU.ActiveCfg = Debug|Any CPU
		{B8AE0868-0D2F-4A3F-8BA9-E6EBEC503224}.Debug|Any CPU.Build.0 = Debug|Any CPU
		{B8AE0868-0D2F-4A3F-8BA9-E6EBEC503224}.Release|Any CPU.ActiveCfg = Release|Any CPU
		{B8AE0868-0D2F-4A3F-8BA9-E6EBEC503224}.Release|Any CPU.Build.0 = Release|Any CPU
		{60B7BCD3-6213-4205-A965-710626EB879C}.Debug|Any CPU.ActiveCfg = Debug|Any CPU
		{60B7BCD3-6213-4205-A965-710626EB879C}.Debug|Any CPU.Build.0 = Debug|Any CPU
		{60B7BCD3-6213-4205-A965-710626EB879C}.Release|Any CPU.ActiveCfg = Release|Any CPU
		{60B7BCD3-6213-4205-A965-710626EB879C}.Release|Any CPU.Build.0 = Release|Any CPU
		{DDB8A6DC-E741-4695-B003-DEA46CA142F7}.Debug|Any CPU.ActiveCfg = Debug|Any CPU
		{DDB8A6DC-E741-4695-B003-DEA46CA142F7}.Debug|Any CPU.Build.0 = Debug|Any CPU
		{DDB8A6DC-E741-4695-B003-DEA46CA142F7}.Release|Any CPU.ActiveCfg = Release|Any CPU
		{DDB8A6DC-E741-4695-B003-DEA46CA142F7}.Release|Any CPU.Build.0 = Release|Any CPU
	EndGlobalSection
	GlobalSection(SolutionProperties) = preSolution
		HideSolutionNode = FALSE
	EndGlobalSection
	GlobalSection(ExtensibilityGlobals) = postSolution
		SolutionGuid = {A414EC1C-38F0-4A4C-9A0B-A32AB322C68F}
	EndGlobalSection
EndGlobal
